SITE
  remote: https://supermarket.getchef.com/api/v1
  specs:
    build-essential (2.2.2)
    homebrew (1.12.0)
      build-essential (>= 2.1.2)

PATH
  remote: site-cookbooks/marcus-workstation
  specs:
    marcus-workstation (0.0.1)
      homebrew (>= 1.6.6)

DEPENDENCIES
  homebrew (>= 0)
  marcus-workstation (>= 0)

